{
  "name": "handyjs",
  "version": "1.0.1",
  "lockfileVersion": 2,
  "requires": true,
  "packages": {
    "": {
      "name": "handyjs",
      "version": "1.0.1",
      "license": "ISC",
      "dependencies": {
        "docsify-progress": "^1.0.3"
      }
    },
    "node_modules/docsify-progress": {
      "version": "1.0.3",
      "resolved": "https://registry.npmjs.org/docsify-progress/-/docsify-progress-1.0.3.tgz",
      "integrity": "sha512-1QIKl1mXVaCMYEDukKFnGjMV7cLIx15YTd3pmImp+FdUyoM7VNuZ8fs1Hw3tZs63CQuwhObTLm01C4z07A2//g=="
    }
  },
  "dependencies": {
    "docsify-progress": {
      "version": "1.0.3",
      "resolved": "https://registry.npmjs.org/docsify-progress/-/docsify-progress-1.0.3.tgz",
      "integrity": "sha512-1QIKl1mXVaCMYEDukKFnGjMV7cLIx15YTd3pmImp+FdUyoM7VNuZ8fs1Hw3tZs63CQuwhObTLm01C4z07A2//g=="
    }
  }
}
